// !$*UTF8*$!
{
	archiveVersion = 1;
	classes = {
	};
	objectVersion = 55;
	objects = {

/* Begin PBXBuildFile section */
		D3024EDD29F257820044DE89 /* CollectionViewCell8.swift in Sources */ = {isa = PBXBuildFile; fileRef = D3024EDC29F257820044DE89 /* CollectionViewCell8.swift */; };
		D306F2ED2A0E1BB600161E83 /* CollectionViewCell14IplPage1.swift in Sources */ = {isa = PBXBuildFile; fileRef = D306F2EC2A0E1BB600161E83 /* CollectionViewCell14IplPage1.swift */; };
		D306F2EF2A0E1F6B00161E83 /* CollectionViewCell15IplPage1.swift in Sources */ = {isa = PBXBuildFile; fileRef = D306F2EE2A0E1F6B00161E83 /* CollectionViewCell15IplPage1.swift */; };
		D306F2F12A0E220800161E83 /* CollectionViewCell16IplPage1.swift in Sources */ = {isa = PBXBuildFile; fileRef = D306F2F02A0E220800161E83 /* CollectionViewCell16IplPage1.swift */; };
		D34036E91EC00C81003F0A89 /* globalHitsInHindi.swift in Sources */ = {isa = PBXBuildFile; fileRef = D34036E81EC00C81003F0A89 /* globalHitsInHindi.swift */; };
		D34036EB1EC00DF9003F0A89 /* global Hits In Hindi.swift in Sources */ = {isa = PBXBuildFile; fileRef = D34036EA1EC00DF9003F0A89 /* global Hits In Hindi.swift */; };
		D34036ED1EC01CAC003F0A89 /* PopularSports.swift in Sources */ = {isa = PBXBuildFile; fileRef = D34036EC1EC01CAC003F0A89 /* PopularSports.swift */; };
		D34036EF1EC01D72003F0A89 /* CollectionViewCellForPopulerSports.swift in Sources */ = {isa = PBXBuildFile; fileRef = D34036EE1EC01D72003F0A89 /* CollectionViewCellForPopulerSports.swift */; };
		D34099972A0CBFB30051236E /* CollectionViewCell9IplPage1.swift in Sources */ = {isa = PBXBuildFile; fileRef = D34099962A0CBFB30051236E /* CollectionViewCell9IplPage1.swift */; };
		D34099992A0CC9720051236E /* CollectionViewCell10IplPage1.swift in Sources */ = {isa = PBXBuildFile; fileRef = D34099982A0CC9720051236E /* CollectionViewCell10IplPage1.swift */; };
		D340999B2A0CCE370051236E /* CollectionViewCell11IplPage1.swift in Sources */ = {isa = PBXBuildFile; fileRef = D340999A2A0CCE370051236E /* CollectionViewCell11IplPage1.swift */; };
		D35E6F9729F137300047AB48 /* preview.swift in Sources */ = {isa = PBXBuildFile; fileRef = D35E6F9629F137300047AB48 /* preview.swift */; };
		D35E6F9929F1376E0047AB48 /* CollectionViewCellForPreview.swift in Sources */ = {isa = PBXBuildFile; fileRef = D35E6F9829F1376E0047AB48 /* CollectionViewCellForPreview.swift */; };
		D35FA0B92A04DEE20061F020 /* CollectionViewCell14.swift in Sources */ = {isa = PBXBuildFile; fileRef = D35FA0B82A04DEE20061F020 /* CollectionViewCell14.swift */; };
		D35FA0BB2A04E8500061F020 /* CollectionViewCell15.swift in Sources */ = {isa = PBXBuildFile; fileRef = D35FA0BA2A04E8500061F020 /* CollectionViewCell15.swift */; };
		D35FA0BD2A04EB5D0061F020 /* CollectionViewCell16.swift in Sources */ = {isa = PBXBuildFile; fileRef = D35FA0BC2A04EB5D0061F020 /* CollectionViewCell16.swift */; };
		D35FA0BF2A04F2890061F020 /* CollectionViewCell17.swift in Sources */ = {isa = PBXBuildFile; fileRef = D35FA0BE2A04F2890061F020 /* CollectionViewCell17.swift */; };
		D36A47E329FAA74500B3B5E1 /* CollectionViewCell10.swift in Sources */ = {isa = PBXBuildFile; fileRef = D36A47E229FAA74500B3B5E1 /* CollectionViewCell10.swift */; };
		D376971929EE14AF00A1C89F /* CollectionViewCell4.swift in Sources */ = {isa = PBXBuildFile; fileRef = D376971829EE14AF00A1C89F /* CollectionViewCell4.swift */; };
		D376971F29EE2F1A00A1C89F /* CollectionViewCell5.swift in Sources */ = {isa = PBXBuildFile; fileRef = D376971E29EE2F1A00A1C89F /* CollectionViewCell5.swift */; };
		D376972129EE35BD00A1C89F /* CollectionViewCellForMatch26.swift in Sources */ = {isa = PBXBuildFile; fileRef = D376972029EE35BC00A1C89F /* CollectionViewCellForMatch26.swift */; };
		D377E26A431942B300C59AF3 /* CollectionViewCell13.swift in Sources */ = {isa = PBXBuildFile; fileRef = D377E269431942B300C59AF3 /* CollectionViewCell13.swift */; };
		D377FFBE2B428A5000695011 /* CollectionViewCell12IplPage1.swift in Sources */ = {isa = PBXBuildFile; fileRef = D377FFBD2B428A5000695011 /* CollectionViewCell12IplPage1.swift */; };
		D377FFC02B4290C100695011 /* CollectionViewCell13IplPage1.swift in Sources */ = {isa = PBXBuildFile; fileRef = D377FFBF2B4290C100695011 /* CollectionViewCell13IplPage1.swift */; };
		D37918F21EB7117500491449 /* CollectionViewCell11.swift in Sources */ = {isa = PBXBuildFile; fileRef = D37918F11EB7117500491449 /* CollectionViewCell11.swift */; };
		D37A01B62A03758200146397 /* CollectionViewCell12.swift in Sources */ = {isa = PBXBuildFile; fileRef = D37A01B52A03758200146397 /* CollectionViewCell12.swift */; };
		D37A01B82A03822200146397 /* Popular Web Shows.swift in Sources */ = {isa = PBXBuildFile; fileRef = D37A01B72A03822200146397 /* Popular Web Shows.swift */; };
		D3820BBA2A12332B00D7EDFD /* CollectionViewCell18IplPage1.swift in Sources */ = {isa = PBXBuildFile; fileRef = D3820BB92A12332B00D7EDFD /* CollectionViewCell18IplPage1.swift */; };
		D3820BBC2A12372500D7EDFD /* CollectionViewCell19IplPage1.swift in Sources */ = {isa = PBXBuildFile; fileRef = D3820BBB2A12372500D7EDFD /* CollectionViewCell19IplPage1.swift */; };
		D3820BBE2A123C4000D7EDFD /* CollectionViewCell20IplPage1.swift in Sources */ = {isa = PBXBuildFile; fileRef = D3820BBD2A123C4000D7EDFD /* CollectionViewCell20IplPage1.swift */; };
		D3820BC02A1240B900D7EDFD /* CollectionViewCell21IplPage1.swift in Sources */ = {isa = PBXBuildFile; fileRef = D3820BBF2A1240B900D7EDFD /* CollectionViewCell21IplPage1.swift */; };
		D3820BC22A12440900D7EDFD /* moviesPage.swift in Sources */ = {isa = PBXBuildFile; fileRef = D3820BC12A12440800D7EDFD /* moviesPage.swift */; };
		D3820BC42A1244A100D7EDFD /* TATA IPL 2023 Highlights.swift in Sources */ = {isa = PBXBuildFile; fileRef = D3820BC32A1244A100D7EDFD /* TATA IPL 2023 Highlights.swift */; };
		D3820BC82A124A5B00D7EDFD /* CollectionViewCellForIPLPageHighlights.swift in Sources */ = {isa = PBXBuildFile; fileRef = D3820BC72A124A5B00D7EDFD /* CollectionViewCellForIPLPageHighlights.swift */; };
		D3820BCA2A124C8100D7EDFD /* Match 56- Mi vs RCB.swift in Sources */ = {isa = PBXBuildFile; fileRef = D3820BC92A124C8100D7EDFD /* Match 56- Mi vs RCB.swift */; };
		D3820BCC2A124DF700D7EDFD /* CollectionViewCellForMatch56MivsRCB.swift in Sources */ = {isa = PBXBuildFile; fileRef = D3820BCB2A124DF700D7EDFD /* CollectionViewCellForMatch56MivsRCB.swift */; };
		D3820BCE2A124FE100D7EDFD /* Captain's Corner.swift in Sources */ = {isa = PBXBuildFile; fileRef = D3820BCD2A124FE100D7EDFD /* Captain's Corner.swift */; };
		D3820BD02A1250A900D7EDFD /* CollectionViewCellForCaptionCorner.swift in Sources */ = {isa = PBXBuildFile; fileRef = D3820BCF2A1250A900D7EDFD /* CollectionViewCellForCaptionCorner.swift */; };
		D3820BD22A1252A200D7EDFD /* HeroSpeak.swift in Sources */ = {isa = PBXBuildFile; fileRef = D3820BD12A1252A200D7EDFD /* HeroSpeak.swift */; };
		D3820BD42A12535500D7EDFD /* CollectionViewCellForHeroSpeak.swift in Sources */ = {isa = PBXBuildFile; fileRef = D3820BD32A12535500D7EDFD /* CollectionViewCellForHeroSpeak.swift */; };
		D3820BD82A1255B700D7EDFD /* Best Of TATA IPL 2023.swift in Sources */ = {isa = PBXBuildFile; fileRef = D3820BD72A1255B700D7EDFD /* Best Of TATA IPL 2023.swift */; };
		D3820BDA2A1255F400D7EDFD /* CollectionViewCellForBest_Of_TATA_IPL_2023.swift in Sources */ = {isa = PBXBuildFile; fileRef = D3820BD92A1255F400D7EDFD /* CollectionViewCellForBest_Of_TATA_IPL_2023.swift */; };
		D398A46129EDB78F007EBE9E /* AppDelegate.swift in Sources */ = {isa = PBXBuildFile; fileRef = D398A46029EDB78F007EBE9E /* AppDelegate.swift */; };
		D398A46329EDB78F007EBE9E /* SceneDelegate.swift in Sources */ = {isa = PBXBuildFile; fileRef = D398A46229EDB78F007EBE9E /* SceneDelegate.swift */; };
		D398A46529EDB78F007EBE9E /* ViewController.swift in Sources */ = {isa = PBXBuildFile; fileRef = D398A46429EDB78F007EBE9E /* ViewController.swift */; };
		D398A46829EDB78F007EBE9E /* Main.storyboard in Resources */ = {isa = PBXBuildFile; fileRef = D398A46629EDB78F007EBE9E /* Main.storyboard */; };
		D398A46B29EDB78F007EBE9E /* jiosinema.xcdatamodeld in Sources */ = {isa = PBXBuildFile; fileRef = D398A46929EDB78F007EBE9E /* jiosinema.xcdatamodeld */; };
		D398A46D29EDB791007EBE9E /* Assets.xcassets in Resources */ = {isa = PBXBuildFile; fileRef = D398A46C29EDB791007EBE9E /* Assets.xcassets */; };
		D398A47029EDB791007EBE9E /* LaunchScreen.storyboard in Resources */ = {isa = PBXBuildFile; fileRef = D398A46E29EDB791007EBE9E /* LaunchScreen.storyboard */; };
		D398A47829EDCBBC007EBE9E /* homepage.swift in Sources */ = {isa = PBXBuildFile; fileRef = D398A47729EDCBBC007EBE9E /* homepage.swift */; };
		D398A47A29EDCCED007EBE9E /* CollectionViewCell1.swift in Sources */ = {isa = PBXBuildFile; fileRef = D398A47929EDCCED007EBE9E /* CollectionViewCell1.swift */; };
		D398A47C29EDD19A007EBE9E /* CollectionViewCell2.swift in Sources */ = {isa = PBXBuildFile; fileRef = D398A47B29EDD19A007EBE9E /* CollectionViewCell2.swift */; };
		D398A47E29EDD477007EBE9E /* CollectionViewCell3.swift in Sources */ = {isa = PBXBuildFile; fileRef = D398A47D29EDD477007EBE9E /* CollectionViewCell3.swift */; };
		D3AD75232A1225C000F92DD2 /* CollectionViewCell17IplPage1.swift in Sources */ = {isa = PBXBuildFile; fileRef = D3AD75222A1225C000F92DD2 /* CollectionViewCell17IplPage1.swift */; };
		D3ADCE312A14876700DF9272 /* Aakashvani.swift in Sources */ = {isa = PBXBuildFile; fileRef = D3ADCE302A14876700DF9272 /* Aakashvani.swift */; };
		D3ADCE332A14881B00DF9272 /* CollectionViewCellForAakashvani.swift in Sources */ = {isa = PBXBuildFile; fileRef = D3ADCE322A14881B00DF9272 /* CollectionViewCellForAakashvani.swift */; };
		D3ADCE352A148A1800DF9272 /* Exclusives Ft. GT Stars.swift in Sources */ = {isa = PBXBuildFile; fileRef = D3ADCE342A148A1800DF9272 /* Exclusives Ft. GT Stars.swift */; };
		D3ADCE372A148AC100DF9272 /* CollectionViewCellForExclusives_Ft__GT_Stars.swift in Sources */ = {isa = PBXBuildFile; fileRef = D3ADCE362A148AC100DF9272 /* CollectionViewCellForExclusives_Ft__GT_Stars.swift */; };
		D3ADCE392A148CE900DF9272 /* CollectionViewCellForBest Of Insiders Lens.swift in Sources */ = {isa = PBXBuildFile; fileRef = D3ADCE382A148CE900DF9272 /* CollectionViewCellForBest Of Insiders Lens.swift */; };
		D3ADCE3F2A148FEF00DF9272 /* Last Over Drama.swift in Sources */ = {isa = PBXBuildFile; fileRef = D3ADCE3E2A148FEF00DF9272 /* Last Over Drama.swift */; };
		D3ADCE412A14902500DF9272 /* CollectionViewCellForLast_Over_Drama.swift in Sources */ = {isa = PBXBuildFile; fileRef = D3ADCE402A14902500DF9272 /* CollectionViewCellForLast_Over_Drama.swift */; };
		D3ADCE432A1490A600DF9272 /* Best Of Insiders Lens.swift in Sources */ = {isa = PBXBuildFile; fileRef = D3ADCE422A1490A600DF9272 /* Best Of Insiders Lens.swift */; };
		D3ADCE472A14955E00DF9272 /* tata ipl 2023 top Moments.swift in Sources */ = {isa = PBXBuildFile; fileRef = D3ADCE462A14955E00DF9272 /* tata ipl 2023 top Moments.swift */; };
		D3ADCE492A1495F700DF9272 /* CollectionViewCellFortata_ipl_2023_top_Moments.swift in Sources */ = {isa = PBXBuildFile; fileRef = D3ADCE482A1495F700DF9272 /* CollectionViewCellFortata_ipl_2023_top_Moments.swift */; };
		D3ADCE4B2A1497CC00DF9272 /* CollectionViewCellFortata ipl 2023 top Knocks.swift in Sources */ = {isa = PBXBuildFile; fileRef = D3ADCE4A2A1497CC00DF9272 /* CollectionViewCellFortata ipl 2023 top Knocks.swift */; };
		D3ADCE4D2A14980200DF9272 /* tata ipl 2023 top Knocks.swift in Sources */ = {isa = PBXBuildFile; fileRef = D3ADCE4C2A14980200DF9272 /* tata ipl 2023 top Knocks.swift */; };
		D3ADCE4F2A1499F200DF9272 /* tata ipl 2023 top spells.swift in Sources */ = {isa = PBXBuildFile; fileRef = D3ADCE4E2A1499F200DF9272 /* tata ipl 2023 top spells.swift */; };
		D3ADCE512A149A7000DF9272 /* CollectionViewCellFortata_ipl_2023_top_spells.swift in Sources */ = {isa = PBXBuildFile; fileRef = D3ADCE502A149A7000DF9272 /* CollectionViewCellFortata_ipl_2023_top_spells.swift */; };
		D3ADCE532A149C3400DF9272 /* tata ipl 2023 top Replays.swift in Sources */ = {isa = PBXBuildFile; fileRef = D3ADCE522A149C3400DF9272 /* tata ipl 2023 top Replays.swift */; };
		D3ADCE552A149D3600DF9272 /* CollectionViewCellFortata_ipl_2023_top_Replays.swift in Sources */ = {isa = PBXBuildFile; fileRef = D3ADCE542A149D3600DF9272 /* CollectionViewCellFortata_ipl_2023_top_Replays.swift */; };
		D3AE4C8D29F112D300077406 /* CollectionViewCell6.swift in Sources */ = {isa = PBXBuildFile; fileRef = D3AE4C8C29F112D300077406 /* CollectionViewCell6.swift */; };
		D3AE4C8F29F11F4C00077406 /* CollectionViewCell7.swift in Sources */ = {isa = PBXBuildFile; fileRef = D3AE4C8E29F11F4C00077406 /* CollectionViewCell7.swift */; };
		D3AFA0142A038C30009814E6 /* CollectionViewCellForPopulerWebShows.swift in Sources */ = {isa = PBXBuildFile; fileRef = D3AFA0132A038C30009814E6 /* CollectionViewCellForPopulerWebShows.swift */; };
		D3B11C362A09E98600B56F0D /* TataiplHomePage.swift in Sources */ = {isa = PBXBuildFile; fileRef = D3B11C352A09E98600B56F0D /* TataiplHomePage.swift */; };
		D3B11C3A2A09FA3200B56F0D /* CollectionViewCell1IplPage1.swift in Sources */ = {isa = PBXBuildFile; fileRef = D3B11C392A09FA3200B56F0D /* CollectionViewCell1IplPage1.swift */; };
		D3B11C3C2A09FFB000B56F0D /* CollectionViewCell2IplPage1.swift in Sources */ = {isa = PBXBuildFile; fileRef = D3B11C3B2A09FFB000B56F0D /* CollectionViewCell2IplPage1.swift */; };
		D3B131E84B7208E300772BC0 /* highlightsPage.swift in Sources */ = {isa = PBXBuildFile; fileRef = D3B131E74B7208E300772BC0 /* highlightsPage.swift */; };
		D3B131EA4B720A0800772BC0 /* CollectionViewCellForHighlights.swift in Sources */ = {isa = PBXBuildFile; fileRef = D3B131E94B720A0800772BC0 /* CollectionViewCellForHighlights.swift */; };
		D3B131EC4B720FE700772BC0 /* bestOfTataIpl.swift in Sources */ = {isa = PBXBuildFile; fileRef = D3B131EB4B720FE700772BC0 /* bestOfTataIpl.swift */; };
		D3B131F04B72193200772BC0 /* CollectionViewCellForBestIpl.swift in Sources */ = {isa = PBXBuildFile; fileRef = D3B131EF4B72193200772BC0 /* CollectionViewCellForBestIpl.swift */; };
		D3B131F24B7222C000772BC0 /* CollectionViewCell9.swift in Sources */ = {isa = PBXBuildFile; fileRef = D3B131F14B7222C000772BC0 /* CollectionViewCell9.swift */; };
		D3B292D629F94FE100F8AEE2 /* allLogo.swift in Sources */ = {isa = PBXBuildFile; fileRef = D3B292D529F94FE100F8AEE2 /* allLogo.swift */; };
		D3B292D829F9511000F8AEE2 /* collectionViewForallLogo.swift in Sources */ = {isa = PBXBuildFile; fileRef = D3B292D729F9511000F8AEE2 /* collectionViewForallLogo.swift */; };
		D3B2D2612D095FB900B76757 /* CollectionViewCell3IplPage1.swift in Sources */ = {isa = PBXBuildFile; fileRef = D3B2D2602D095FB900B76757 /* CollectionViewCell3IplPage1.swift */; };
		D3B2D2632D09654B00B76757 /* CollectionViewCell4IplPage1.swift in Sources */ = {isa = PBXBuildFile; fileRef = D3B2D2622D09654B00B76757 /* CollectionViewCell4IplPage1.swift */; };
		D3C3571E2A0B7338005D1A4B /* CollectionViewCell5IplPage1.swift in Sources */ = {isa = PBXBuildFile; fileRef = D3C3571D2A0B7338005D1A4B /* CollectionViewCell5IplPage1.swift */; };
		D3C357202A0B7B52005D1A4B /* CollectionViewCell6IplPage1.swift in Sources */ = {isa = PBXBuildFile; fileRef = D3C3571F2A0B7B52005D1A4B /* CollectionViewCell6IplPage1.swift */; };
		D3C357222A0B8338005D1A4B /* CollectionViewCell7IplPage1.swift in Sources */ = {isa = PBXBuildFile; fileRef = D3C357212A0B8338005D1A4B /* CollectionViewCell7IplPage1.swift */; };
		D3D176BA29EE3AF20003DB01 /* myCollectionViewCellFormatch24.swift in Sources */ = {isa = PBXBuildFile; fileRef = D3D176B929EE3AF20003DB01 /* myCollectionViewCellFormatch24.swift */; };
		D3D176BC29EE47550003DB01 /* match24Page.swift in Sources */ = {isa = PBXBuildFile; fileRef = D3D176BB29EE47550003DB01 /* match24Page.swift */; };
		D3D25D6F2A132EFD00CD600F /* Key Tournaments.swift in Sources */ = {isa = PBXBuildFile; fileRef = D3D25D6E2A132EFD00CD600F /* Key Tournaments.swift */; };
		D3D25D712A132FCE00CD600F /* CollectionViewCellForKey_Tournaments.swift in Sources */ = {isa = PBXBuildFile; fileRef = D3D25D702A132FCE00CD600F /* CollectionViewCellForKey_Tournaments.swift */; };
		D3D25D732A1332CD00CD600F /* TATA IPL 2023 Short Highlights.swift in Sources */ = {isa = PBXBuildFile; fileRef = D3D25D722A1332CD00CD600F /* TATA IPL 2023 Short Highlights.swift */; };
		D3D25D752A13420D00CD600F /* CollectionViewCellForTATA_IPL_2023_Short_Highlights.swift in Sources */ = {isa = PBXBuildFile; fileRef = D3D25D742A13420D00CD600F /* CollectionViewCellForTATA_IPL_2023_Short_Highlights.swift */; };
		D3D25D772A13466100CD600F /* Best Of A Jio Match Center Live.swift in Sources */ = {isa = PBXBuildFile; fileRef = D3D25D762A13466100CD600F /* Best Of A Jio Match Center Live.swift */; };
		D3D25D792A1346ED00CD600F /* CollectionViewCellForBest_Of_A_Jio_Match_Center_Live.swift in Sources */ = {isa = PBXBuildFile; fileRef = D3D25D782A1346ED00CD600F /* CollectionViewCellForBest_Of_A_Jio_Match_Center_Live.swift */; };
		D3D25D7B2A134A0C00CD600F /* Exclusives Ft. Rcb Stars.swift in Sources */ = {isa = PBXBuildFile; fileRef = D3D25D7A2A134A0C00CD600F /* Exclusives Ft. Rcb Stars.swift */; };
		D3D25D7D2A134A8D00CD600F /* CollectionViewCellForExclusives_Ft__Rcb_Stars.swift in Sources */ = {isa = PBXBuildFile; fileRef = D3D25D7C2A134A8D00CD600F /* CollectionViewCellForExclusives_Ft__Rcb_Stars.swift */; };
		D3D25D7F2A134FC300CD600F /* Cricketers Getting Candid.swift in Sources */ = {isa = PBXBuildFile; fileRef = D3D25D7E2A134FC300CD600F /* Cricketers Getting Candid.swift */; };
		D3D25D812A13531E00CD600F /* CollectionViewCellForCricketers_Getting_Candid.swift in Sources */ = {isa = PBXBuildFile; fileRef = D3D25D802A13531E00CD600F /* CollectionViewCellForCricketers_Getting_Candid.swift */; };
		D3EB574E29FAEF0C006499EC /* schedule.swift in Sources */ = {isa = PBXBuildFile; fileRef = D3EB574D29FAEF0C006499EC /* schedule.swift */; };
		D3EB575029FAF5B5006499EC /* freshTvEp.swift in Sources */ = {isa = PBXBuildFile; fileRef = D3EB574F29FAF5B5006499EC /* freshTvEp.swift */; };
		D3EB575229FAF84B006499EC /* CollectionViewCellForFreshTvEp.swift in Sources */ = {isa = PBXBuildFile; fileRef = D3EB575129FAF84B006499EC /* CollectionViewCellForFreshTvEp.swift */; };
		D3EC10B640A6FD9B00BB2559 /* CollectionViewCell8IplPage1.swift in Sources */ = {isa = PBXBuildFile; fileRef = D3EC10B540A6FD9B00BB2559 /* CollectionViewCell8IplPage1.swift */; };
/* End PBXBuildFile section */

/* Begin PBXFileReference section */
		D3024EDC29F257820044DE89 /* CollectionViewCell8.swift */ = {isa = PBXFileReference; lastKnownFileType = sourcecode.swift; path = CollectionViewCell8.swift; sourceTree = "<group>"; };
		D306F2EC2A0E1BB600161E83 /* CollectionViewCell14IplPage1.swift */ = {isa = PBXFileReference; lastKnownFileType = sourcecode.swift; path = CollectionViewCell14IplPage1.swift; sourceTree = "<group>"; };
		D306F2EE2A0E1F6B00161E83 /* CollectionViewCell15IplPage1.swift */ = {isa = PBXFileReference; lastKnownFileType = sourcecode.swift; path = CollectionViewCell15IplPage1.swift; sourceTree = "<group>"; };
		D306F2F02A0E220800161E83 /* CollectionViewCell16IplPage1.swift */ = {isa = PBXFileReference; lastKnownFileType = sourcecode.swift; path = CollectionViewCell16IplPage1.swift; sourceTree = "<group>"; };
		D34036E81EC00C81003F0A89 /* globalHitsInHindi.swift */ = {isa = PBXFileReference; lastKnownFileType = sourcecode.swift; path = globalHitsInHindi.swift; sourceTree = "<group>"; };
		D34036EA1EC00DF9003F0A89 /* global Hits In Hindi.swift */ = {isa = PBXFileReference; lastKnownFileType = sourcecode.swift; path = "global Hits In Hindi.swift"; sourceTree = "<group>"; };
		D34036EC1EC01CAC003F0A89 /* PopularSports.swift */ = {isa = PBXFileReference; lastKnownFileType = sourcecode.swift; path = PopularSports.swift; sourceTree = "<group>"; };
		D34036EE1EC01D72003F0A89 /* CollectionViewCellForPopulerSports.swift */ = {isa = PBXFileReference; lastKnownFileType = sourcecode.swift; path = CollectionViewCellForPopulerSports.swift; sourceTree = "<group>"; };
		D34099962A0CBFB30051236E /* CollectionViewCell9IplPage1.swift */ = {isa = PBXFileReference; lastKnownFileType = sourcecode.swift; path = CollectionViewCell9IplPage1.swift; sourceTree = "<group>"; };
		D34099982A0CC9720051236E /* CollectionViewCell10IplPage1.swift */ = {isa = PBXFileReference; lastKnownFileType = sourcecode.swift; path = CollectionViewCell10IplPage1.swift; sourceTree = "<group>"; };
		D340999A2A0CCE370051236E /* CollectionViewCell11IplPage1.swift */ = {isa = PBXFileReference; lastKnownFileType = sourcecode.swift; path = CollectionViewCell11IplPage1.swift; sourceTree = "<group>"; };
		D35E6F9629F137300047AB48 /* preview.swift */ = {isa = PBXFileReference; lastKnownFileType = sourcecode.swift; path = preview.swift; sourceTree = "<group>"; };
		D35E6F9829F1376E0047AB48 /* CollectionViewCellForPreview.swift */ = {isa = PBXFileReference; lastKnownFileType = sourcecode.swift; path = CollectionViewCellForPreview.swift; sourceTree = "<group>"; };
		D35FA0B82A04DEE20061F020 /* CollectionViewCell14.swift */ = {isa = PBXFileReference; lastKnownFileType = sourcecode.swift; path = CollectionViewCell14.swift; sourceTree = "<group>"; };
		D35FA0BA2A04E8500061F020 /* CollectionViewCell15.swift */ = {isa = PBXFileReference; lastKnownFileType = sourcecode.swift; path = CollectionViewCell15.swift; sourceTree = "<group>"; };
		D35FA0BC2A04EB5D0061F020 /* CollectionViewCell16.swift */ = {isa = PBXFileReference; lastKnownFileType = sourcecode.swift; path = CollectionViewCell16.swift; sourceTree = "<group>"; };
		D35FA0BE2A04F2890061F020 /* CollectionViewCell17.swift */ = {isa = PBXFileReference; lastKnownFileType = sourcecode.swift; path = CollectionViewCell17.swift; sourceTree = "<group>"; };
		D36A47E229FAA74500B3B5E1 /* CollectionViewCell10.swift */ = {isa = PBXFileReference; lastKnownFileType = sourcecode.swift; path = CollectionViewCell10.swift; sourceTree = "<group>"; };
		D376971829EE14AF00A1C89F /* CollectionViewCell4.swift */ = {isa = PBXFileReference; lastKnownFileType = sourcecode.swift; path = CollectionViewCell4.swift; sourceTree = "<group>"; };
		D376971E29EE2F1A00A1C89F /* CollectionViewCell5.swift */ = {isa = PBXFileReference; lastKnownFileType = sourcecode.swift; path = CollectionViewCell5.swift; sourceTree = "<group>"; };
		D376972029EE35BC00A1C89F /* CollectionViewCellForMatch26.swift */ = {isa = PBXFileReference; lastKnownFileType = sourcecode.swift; path = CollectionViewCellForMatch26.swift; sourceTree = "<group>"; };
		D377E269431942B300C59AF3 /* CollectionViewCell13.swift */ = {isa = PBXFileReference; lastKnownFileType = sourcecode.swift; path = CollectionViewCell13.swift; sourceTree = "<group>"; };
		D377FFBD2B428A5000695011 /* CollectionViewCell12IplPage1.swift */ = {isa = PBXFileReference; lastKnownFileType = sourcecode.swift; path = CollectionViewCell12IplPage1.swift; sourceTree = "<group>"; };
		D377FFBF2B4290C100695011 /* CollectionViewCell13IplPage1.swift */ = {isa = PBXFileReference; lastKnownFileType = sourcecode.swift; path = CollectionViewCell13IplPage1.swift; sourceTree = "<group>"; };
		D37918F11EB7117500491449 /* CollectionViewCell11.swift */ = {isa = PBXFileReference; lastKnownFileType = sourcecode.swift; path = CollectionViewCell11.swift; sourceTree = "<group>"; };
		D37A01B52A03758200146397 /* CollectionViewCell12.swift */ = {isa = PBXFileReference; lastKnownFileType = sourcecode.swift; path = CollectionViewCell12.swift; sourceTree = "<group>"; };
		D37A01B72A03822200146397 /* Popular Web Shows.swift */ = {isa = PBXFileReference; lastKnownFileType = sourcecode.swift; path = "Popular Web Shows.swift"; sourceTree = "<group>"; };
		D3820BB92A12332B00D7EDFD /* CollectionViewCell18IplPage1.swift */ = {isa = PBXFileReference; lastKnownFileType = sourcecode.swift; path = CollectionViewCell18IplPage1.swift; sourceTree = "<group>"; };
		D3820BBB2A12372500D7EDFD /* CollectionViewCell19IplPage1.swift */ = {isa = PBXFileReference; lastKnownFileType = sourcecode.swift; path = CollectionViewCell19IplPage1.swift; sourceTree = "<group>"; };
		D3820BBD2A123C4000D7EDFD /* CollectionViewCell20IplPage1.swift */ = {isa = PBXFileReference; lastKnownFileType = sourcecode.swift; path = CollectionViewCell20IplPage1.swift; sourceTree = "<group>"; };
		D3820BBF2A1240B900D7EDFD /* CollectionViewCell21IplPage1.swift */ = {isa = PBXFileReference; lastKnownFileType = sourcecode.swift; path = CollectionViewCell21IplPage1.swift; sourceTree = "<group>"; };
		D3820BC12A12440800D7EDFD /* moviesPage.swift */ = {isa = PBXFileReference; lastKnownFileType = sourcecode.swift; path = moviesPage.swift; sourceTree = "<group>"; };
		D3820BC32A1244A100D7EDFD /* TATA IPL 2023 Highlights.swift */ = {isa = PBXFileReference; lastKnownFileType = sourcecode.swift; path = "TATA IPL 2023 Highlights.swift"; sourceTree = "<group>"; };
		D3820BC72A124A5B00D7EDFD /* CollectionViewCellForIPLPageHighlights.swift */ = {isa = PBXFileReference; lastKnownFileType = sourcecode.swift; path = CollectionViewCellForIPLPageHighlights.swift; sourceTree = "<group>"; };
		D3820BC92A124C8100D7EDFD /* Match 56- Mi vs RCB.swift */ = {isa = PBXFileReference; lastKnownFileType = sourcecode.swift; path = "Match 56- Mi vs RCB.swift"; sourceTree = "<group>"; };
		D3820BCB2A124DF700D7EDFD /* CollectionViewCellForMatch56MivsRCB.swift */ = {isa = PBXFileReference; lastKnownFileType = sourcecode.swift; path = CollectionViewCellForMatch56MivsRCB.swift; sourceTree = "<group>"; };
		D3820BCD2A124FE100D7EDFD /* Captain's Corner.swift */ = {isa = PBXFileReference; lastKnownFileType = sourcecode.swift; path = "Captain's Corner.swift"; sourceTree = "<group>"; };
		D3820BCF2A1250A900D7EDFD /* CollectionViewCellForCaptionCorner.swift */ = {isa = PBXFileReference; lastKnownFileType = sourcecode.swift; path = CollectionViewCellForCaptionCorner.swift; sourceTree = "<group>"; };
		D3820BD12A1252A200D7EDFD /* HeroSpeak.swift */ = {isa = PBXFileReference; lastKnownFileType = sourcecode.swift; path = HeroSpeak.swift; sourceTree = "<group>"; };
		D3820BD32A12535500D7EDFD /* CollectionViewCellForHeroSpeak.swift */ = {isa = PBXFileReference; lastKnownFileType = sourcecode.swift; path = CollectionViewCellForHeroSpeak.swift; sourceTree = "<group>"; };
		D3820BD72A1255B700D7EDFD /* Best Of TATA IPL 2023.swift */ = {isa = PBXFileReference; lastKnownFileType = sourcecode.swift; path = "Best Of TATA IPL 2023.swift"; sourceTree = "<group>"; };
		D3820BD92A1255F400D7EDFD /* CollectionViewCellForBest_Of_TATA_IPL_2023.swift */ = {isa = PBXFileReference; lastKnownFileType = sourcecode.swift; path = CollectionViewCellForBest_Of_TATA_IPL_2023.swift; sourceTree = "<group>"; };
		D398A45D29EDB78F007EBE9E /* jiosinema.app */ = {isa = PBXFileReference; explicitFileType = wrapper.application; includeInIndex = 0; path = jiosinema.app; sourceTree = BUILT_PRODUCTS_DIR; };
		D398A46029EDB78F007EBE9E /* AppDelegate.swift */ = {isa = PBXFileReference; lastKnownFileType = sourcecode.swift; path = AppDelegate.swift; sourceTree = "<group>"; };
		D398A46229EDB78F007EBE9E /* SceneDelegate.swift */ = {isa = PBXFileReference; lastKnownFileType = sourcecode.swift; path = SceneDelegate.swift; sourceTree = "<group>"; };
		D398A46429EDB78F007EBE9E /* ViewController.swift */ = {isa = PBXFileReference; lastKnownFileType = sourcecode.swift; path = ViewController.swift; sourceTree = "<group>"; };
		D398A46729EDB78F007EBE9E /* Base */ = {isa = PBXFileReference; lastKnownFileType = file.storyboard; name = Base; path = Base.lproj/Main.storyboard; sourceTree = "<group>"; };
		D398A46A29EDB78F007EBE9E /* jiosinema.xcdatamodel */ = {isa = PBXFileReference; lastKnownFileType = wrapper.xcdatamodel; path = jiosinema.xcdatamodel; sourceTree = "<group>"; };
		D398A46C29EDB791007EBE9E /* Assets.xcassets */ = {isa = PBXFileReference; lastKnownFileType = folder.assetcatalog; path = Assets.xcassets; sourceTree = "<group>"; };
		D398A46F29EDB791007EBE9E /* Base */ = {isa = PBXFileReference; lastKnownFileType = file.storyboard; name = Base; path = Base.lproj/LaunchScreen.storyboard; sourceTree = "<group>"; };
		D398A47129EDB791007EBE9E /* Info.plist */ = {isa = PBXFileReference; lastKnownFileType = text.plist.xml; path = Info.plist; sourceTree = "<group>"; };
		D398A47729EDCBBC007EBE9E /* homepage.swift */ = {isa = PBXFileReference; lastKnownFileType = sourcecode.swift; path = homepage.swift; sourceTree = "<group>"; };
		D398A47929EDCCED007EBE9E /* CollectionViewCell1.swift */ = {isa = PBXFileReference; lastKnownFileType = sourcecode.swift; path = CollectionViewCell1.swift; sourceTree = "<group>"; };
		D398A47B29EDD19A007EBE9E /* CollectionViewCell2.swift */ = {isa = PBXFileReference; lastKnownFileType = sourcecode.swift; path = CollectionViewCell2.swift; sourceTree = "<group>"; };
		D398A47D29EDD477007EBE9E /* CollectionViewCell3.swift */ = {isa = PBXFileReference; lastKnownFileType = sourcecode.swift; path = CollectionViewCell3.swift; sourceTree = "<group>"; };
		D3AD75222A1225C000F92DD2 /* CollectionViewCell17IplPage1.swift */ = {isa = PBXFileReference; lastKnownFileType = sourcecode.swift; path = CollectionViewCell17IplPage1.swift; sourceTree = "<group>"; };
		D3ADCE302A14876700DF9272 /* Aakashvani.swift */ = {isa = PBXFileReference; lastKnownFileType = sourcecode.swift; path = Aakashvani.swift; sourceTree = "<group>"; };
		D3ADCE322A14881B00DF9272 /* CollectionViewCellForAakashvani.swift */ = {isa = PBXFileReference; lastKnownFileType = sourcecode.swift; path = CollectionViewCellForAakashvani.swift; sourceTree = "<group>"; };
		D3ADCE342A148A1800DF9272 /* Exclusives Ft. GT Stars.swift */ = {isa = PBXFileReference; lastKnownFileType = sourcecode.swift; path = "Exclusives Ft. GT Stars.swift"; sourceTree = "<group>"; };
		D3ADCE362A148AC100DF9272 /* CollectionViewCellForExclusives_Ft__GT_Stars.swift */ = {isa = PBXFileReference; lastKnownFileType = sourcecode.swift; path = CollectionViewCellForExclusives_Ft__GT_Stars.swift; sourceTree = "<group>"; };
		D3ADCE382A148CE900DF9272 /* CollectionViewCellForBest Of Insiders Lens.swift */ = {isa = PBXFileReference; lastKnownFileType = sourcecode.swift; path = "CollectionViewCellForBest Of Insiders Lens.swift"; sourceTree = "<group>"; };
		D3ADCE3E2A148FEF00DF9272 /* Last Over Drama.swift */ = {isa = PBXFileReference; lastKnownFileType = sourcecode.swift; path = "Last Over Drama.swift"; sourceTree = "<group>"; };
		D3ADCE402A14902500DF9272 /* CollectionViewCellForLast_Over_Drama.swift */ = {isa = PBXFileReference; lastKnownFileType = sourcecode.swift; path = CollectionViewCellForLast_Over_Drama.swift; sourceTree = "<group>"; };
		D3ADCE422A1490A600DF9272 /* Best Of Insiders Lens.swift */ = {isa = PBXFileReference; lastKnownFileType = sourcecode.swift; path = "Best Of Insiders Lens.swift"; sourceTree = "<group>"; };
		D3ADCE462A14955E00DF9272 /* tata ipl 2023 top Moments.swift */ = {isa = PBXFileReference; lastKnownFileType = sourcecode.swift; path = "tata ipl 2023 top Moments.swift"; sourceTree = "<group>"; };
		D3ADCE482A1495F700DF9272 /* CollectionViewCellFortata_ipl_2023_top_Moments.swift */ = {isa = PBXFileReference; lastKnownFileType = sourcecode.swift; path = CollectionViewCellFortata_ipl_2023_top_Moments.swift; sourceTree = "<group>"; };
		D3ADCE4A2A1497CC00DF9272 /* CollectionViewCellFortata ipl 2023 top Knocks.swift */ = {isa = PBXFileReference; lastKnownFileType = sourcecode.swift; path = "CollectionViewCellFortata ipl 2023 top Knocks.swift"; sourceTree = "<group>"; };
		D3ADCE4C2A14980200DF9272 /* tata ipl 2023 top Knocks.swift */ = {isa = PBXFileReference; lastKnownFileType = sourcecode.swift; path = "tata ipl 2023 top Knocks.swift"; sourceTree = "<group>"; };
		D3ADCE4E2A1499F200DF9272 /* tata ipl 2023 top spells.swift */ = {isa = PBXFileReference; lastKnownFileType = sourcecode.swift; path = "tata ipl 2023 top spells.swift"; sourceTree = "<group>"; };
		D3ADCE502A149A7000DF9272 /* CollectionViewCellFortata_ipl_2023_top_spells.swift */ = {isa = PBXFileReference; lastKnownFileType = sourcecode.swift; path = CollectionViewCellFortata_ipl_2023_top_spells.swift; sourceTree = "<group>"; };
		D3ADCE522A149C3400DF9272 /* tata ipl 2023 top Replays.swift */ = {isa = PBXFileReference; lastKnownFileType = sourcecode.swift; path = "tata ipl 2023 top Replays.swift"; sourceTree = "<group>"; };
		D3ADCE542A149D3600DF9272 /* CollectionViewCellFortata_ipl_2023_top_Replays.swift */ = {isa = PBXFileReference; lastKnownFileType = sourcecode.swift; path = CollectionViewCellFortata_ipl_2023_top_Replays.swift; sourceTree = "<group>"; };
		D3AE4C8C29F112D300077406 /* CollectionViewCell6.swift */ = {isa = PBXFileReference; lastKnownFileType = sourcecode.swift; path = CollectionViewCell6.swift; sourceTree = "<group>"; };
		D3AE4C8E29F11F4C00077406 /* CollectionViewCell7.swift */ = {isa = PBXFileReference; lastKnownFileType = sourcecode.swift; path = CollectionViewCell7.swift; sourceTree = "<group>"; };
		D3AFA0132A038C30009814E6 /* CollectionViewCellForPopulerWebShows.swift */ = {isa = PBXFileReference; lastKnownFileType = sourcecode.swift; path = CollectionViewCellForPopulerWebShows.swift; sourceTree = "<group>"; };
		D3B11C352A09E98600B56F0D /* TataiplHomePage.swift */ = {isa = PBXFileReference; lastKnownFileType = sourcecode.swift; path = TataiplHomePage.swift; sourceTree = "<group>"; };
		D3B11C392A09FA3200B56F0D /* CollectionViewCell1IplPage1.swift */ = {isa = PBXFileReference; lastKnownFileType = sourcecode.swift; path = CollectionViewCell1IplPage1.swift; sourceTree = "<group>"; };
		D3B11C3B2A09FFB000B56F0D /* CollectionViewCell2IplPage1.swift */ = {isa = PBXFileReference; lastKnownFileType = sourcecode.swift; path = CollectionViewCell2IplPage1.swift; sourceTree = "<group>"; };
		D3B131E74B7208E300772BC0 /* highlightsPage.swift */ = {isa = PBXFileReference; lastKnownFileType = sourcecode.swift; path = highlightsPage.swift; sourceTree = "<group>"; };
		D3B131E94B720A0800772BC0 /* CollectionViewCellForHighlights.swift */ = {isa = PBXFileReference; lastKnownFileType = sourcecode.swift; path = CollectionViewCellForHighlights.swift; sourceTree = "<group>"; };
		D3B131EB4B720FE700772BC0 /* bestOfTataIpl.swift */ = {isa = PBXFileReference; lastKnownFileType = sourcecode.swift; path = bestOfTataIpl.swift; sourceTree = "<group>"; };
		D3B131EF4B72193200772BC0 /* CollectionViewCellForBestIpl.swift */ = {isa = PBXFileReference; lastKnownFileType = sourcecode.swift; path = CollectionViewCellForBestIpl.swift; sourceTree = "<group>"; };
		D3B131F14B7222C000772BC0 /* CollectionViewCell9.swift */ = {isa = PBXFileReference; lastKnownFileType = sourcecode.swift; path = CollectionViewCell9.swift; sourceTree = "<group>"; };
		D3B292D529F94FE100F8AEE2 /* allLogo.swift */ = {isa = PBXFileReference; lastKnownFileType = sourcecode.swift; path = allLogo.swift; sourceTree = "<group>"; };
		D3B292D729F9511000F8AEE2 /* collectionViewForallLogo.swift */ = {isa = PBXFileReference; lastKnownFileType = sourcecode.swift; path = collectionViewForallLogo.swift; sourceTree = "<group>"; };
		D3B2D2602D095FB900B76757 /* CollectionViewCell3IplPage1.swift */ = {isa = PBXFileReference; lastKnownFileType = sourcecode.swift; path = CollectionViewCell3IplPage1.swift; sourceTree = "<group>"; };
		D3B2D2622D09654B00B76757 /* CollectionViewCell4IplPage1.swift */ = {isa = PBXFileReference; lastKnownFileType = sourcecode.swift; path = CollectionViewCell4IplPage1.swift; sourceTree = "<group>"; };
		D3C3571D2A0B7338005D1A4B /* CollectionViewCell5IplPage1.swift */ = {isa = PBXFileReference; lastKnownFileType = sourcecode.swift; path = CollectionViewCell5IplPage1.swift; sourceTree = "<group>"; };
		D3C3571F2A0B7B52005D1A4B /* CollectionViewCell6IplPage1.swift */ = {isa = PBXFileReference; lastKnownFileType = sourcecode.swift; path = CollectionViewCell6IplPage1.swift; sourceTree = "<group>"; };
		D3C357212A0B8338005D1A4B /* CollectionViewCell7IplPage1.swift */ = {isa = PBXFileReference; lastKnownFileType = sourcecode.swift; path = CollectionViewCell7IplPage1.swift; sourceTree = "<group>"; };
		D3D176B929EE3AF20003DB01 /* myCollectionViewCellFormatch24.swift */ = {isa = PBXFileReference; lastKnownFileType = sourcecode.swift; path = myCollectionViewCellFormatch24.swift; sourceTree = "<group>"; };
		D3D176BB29EE47550003DB01 /* match24Page.swift */ = {isa = PBXFileReference; lastKnownFileType = sourcecode.swift; path = match24Page.swift; sourceTree = "<group>"; };
		D3D25D6E2A132EFD00CD600F /* Key Tournaments.swift */ = {isa = PBXFileReference; lastKnownFileType = sourcecode.swift; path = "Key Tournaments.swift"; sourceTree = "<group>"; };
		D3D25D702A132FCE00CD600F /* CollectionViewCellForKey_Tournaments.swift */ = {isa = PBXFileReference; lastKnownFileType = sourcecode.swift; path = CollectionViewCellForKey_Tournaments.swift; sourceTree = "<group>"; };
		D3D25D722A1332CD00CD600F /* TATA IPL 2023 Short Highlights.swift */ = {isa = PBXFileReference; lastKnownFileType = sourcecode.swift; path = "TATA IPL 2023 Short Highlights.swift"; sourceTree = "<group>"; };
		D3D25D742A13420D00CD600F /* CollectionViewCellForTATA_IPL_2023_Short_Highlights.swift */ = {isa = PBXFileReference; lastKnownFileType = sourcecode.swift; path = CollectionViewCellForTATA_IPL_2023_Short_Highlights.swift; sourceTree = "<group>"; };
		D3D25D762A13466100CD600F /* Best Of A Jio Match Center Live.swift */ = {isa = PBXFileReference; lastKnownFileType = sourcecode.swift; path = "Best Of A Jio Match Center Live.swift"; sourceTree = "<group>"; };
		D3D25D782A1346ED00CD600F /* CollectionViewCellForBest_Of_A_Jio_Match_Center_Live.swift */ = {isa = PBXFileReference; lastKnownFileType = sourcecode.swift; path = CollectionViewCellForBest_Of_A_Jio_Match_Center_Live.swift; sourceTree = "<group>"; };
		D3D25D7A2A134A0C00CD600F /* Exclusives Ft. Rcb Stars.swift */ = {isa = PBXFileReference; lastKnownFileType = sourcecode.swift; path = "Exclusives Ft. Rcb Stars.swift"; sourceTree = "<group>"; };
		D3D25D7C2A134A8D00CD600F /* CollectionViewCellForExclusives_Ft__Rcb_Stars.swift */ = {isa = PBXFileReference; lastKnownFileType = sourcecode.swift; path = CollectionViewCellForExclusives_Ft__Rcb_Stars.swift; sourceTree = "<group>"; };
		D3D25D7E2A134FC300CD600F /* Cricketers Getting Candid.swift */ = {isa = PBXFileReference; lastKnownFileType = sourcecode.swift; path = "Cricketers Getting Candid.swift"; sourceTree = "<group>"; };
		D3D25D802A13531E00CD600F /* CollectionViewCellForCricketers_Getting_Candid.swift */ = {isa = PBXFileReference; lastKnownFileType = sourcecode.swift; path = CollectionViewCellForCricketers_Getting_Candid.swift; sourceTree = "<group>"; };
		D3EB574D29FAEF0C006499EC /* schedule.swift */ = {isa = PBXFileReference; lastKnownFileType = sourcecode.swift; path = schedule.swift; sourceTree = "<group>"; };
		D3EB574F29FAF5B5006499EC /* freshTvEp.swift */ = {isa = PBXFileReference; lastKnownFileType = sourcecode.swift; path = freshTvEp.swift; sourceTree = "<group>"; };
		D3EB575129FAF84B006499EC /* CollectionViewCellForFreshTvEp.swift */ = {isa = PBXFileReference; lastKnownFileType = sourcecode.swift; path = CollectionViewCellForFreshTvEp.swift; sourceTree = "<group>"; };
		D3EC10B540A6FD9B00BB2559 /* CollectionViewCell8IplPage1.swift */ = {isa = PBXFileReference; lastKnownFileType = sourcecode.swift; path = CollectionViewCell8IplPage1.swift; sourceTree = "<group>"; };
/* End PBXFileReference section */

/* Begin PBXFrameworksBuildPhase section */
		D398A45A29EDB78F007EBE9E /* Frameworks */ = {
			isa = PBXFrameworksBuildPhase;
			buildActionMask = 2147483647;
			files = (
			);
			runOnlyForDeploymentPostprocessing = 0;
		};
/* End PBXFrameworksBuildPhase section */

/* Begin PBXGroup section */
		D34036F01EC01FF3003F0A89 /* Home Page */ = {
			isa = PBXGroup;
			children = (
				D3B131F14B7222C000772BC0 /* CollectionViewCell9.swift */,
				D34036EE1EC01D72003F0A89 /* CollectionViewCellForPopulerSports.swift */,
				D34036EA1EC00DF9003F0A89 /* global Hits In Hindi.swift */,
				D34036EC1EC01CAC003F0A89 /* PopularSports.swift */,
				D34036E81EC00C81003F0A89 /* globalHitsInHindi.swift */,
				D35FA0BA2A04E8500061F020 /* CollectionViewCell15.swift */,
				D35FA0B82A04DEE20061F020 /* CollectionViewCell14.swift */,
				D3B292D529F94FE100F8AEE2 /* allLogo.swift */,
				D3B292D729F9511000F8AEE2 /* collectionViewForallLogo.swift */,
				D36A47E229FAA74500B3B5E1 /* CollectionViewCell10.swift */,
				D3EB574D29FAEF0C006499EC /* schedule.swift */,
				D3EB574F29FAF5B5006499EC /* freshTvEp.swift */,
				D3EB575129FAF84B006499EC /* CollectionViewCellForFreshTvEp.swift */,
				D37918F11EB7117500491449 /* CollectionViewCell11.swift */,
				D37A01B52A03758200146397 /* CollectionViewCell12.swift */,
				D37A01B72A03822200146397 /* Popular Web Shows.swift */,
				D3AFA0132A038C30009814E6 /* CollectionViewCellForPopulerWebShows.swift */,
				D377E269431942B300C59AF3 /* CollectionViewCell13.swift */,
				D3B131EB4B720FE700772BC0 /* bestOfTataIpl.swift */,
				D3B131EF4B72193200772BC0 /* CollectionViewCellForBestIpl.swift */,
				D35E6F9829F1376E0047AB48 /* CollectionViewCellForPreview.swift */,
				D3B131E74B7208E300772BC0 /* highlightsPage.swift */,
				D3B131E94B720A0800772BC0 /* CollectionViewCellForHighlights.swift */,
				D35E6F9629F137300047AB48 /* preview.swift */,
				D376972029EE35BC00A1C89F /* CollectionViewCellForMatch26.swift */,
				D376971E29EE2F1A00A1C89F /* CollectionViewCell5.swift */,
				D3AE4C8C29F112D300077406 /* CollectionViewCell6.swift */,
				D3D176B929EE3AF20003DB01 /* myCollectionViewCellFormatch24.swift */,
				D376971829EE14AF00A1C89F /* CollectionViewCell4.swift */,
				D3024EDC29F257820044DE89 /* CollectionViewCell8.swift */,
				D3D176BB29EE47550003DB01 /* match24Page.swift */,
				D398A47929EDCCED007EBE9E /* CollectionViewCell1.swift */,
				D398A47B29EDD19A007EBE9E /* CollectionViewCell2.swift */,
				D35FA0BE2A04F2890061F020 /* CollectionViewCell17.swift */,
				D3AE4C8E29F11F4C00077406 /* CollectionViewCell7.swift */,
				D35FA0BC2A04EB5D0061F020 /* CollectionViewCell16.swift */,
				D398A47D29EDD477007EBE9E /* CollectionViewCell3.swift */,
				D398A47729EDCBBC007EBE9E /* homepage.swift */,
			);
			path = "Home Page";
			sourceTree = "<group>";
		};
		D398A45429EDB78F007EBE9E = {
			isa = PBXGroup;
			children = (
				D3D25D7A2A134A0C00CD600F /* Exclusives Ft. Rcb Stars.swift */,
				D398A45F29EDB78F007EBE9E /* jiosinema */,
				D398A45E29EDB78F007EBE9E /* Products */,
			);
			sourceTree = "<group>";
		};
		D398A45E29EDB78F007EBE9E /* Products */ = {
			isa = PBXGroup;
			children = (
				D398A45D29EDB78F007EBE9E /* jiosinema.app */,
			);
			name = Products;
			sourceTree = "<group>";
		};
		D398A45F29EDB78F007EBE9E /* jiosinema */ = {
			isa = PBXGroup;
			children = (
				D398A46029EDB78F007EBE9E /* AppDelegate.swift */,
				D398A46229EDB78F007EBE9E /* SceneDelegate.swift */,
				D398A46429EDB78F007EBE9E /* ViewController.swift */,
				D398A46629EDB78F007EBE9E /* Main.storyboard */,
				D3B11C342A09E91C00B56F0D /* TATA IPL */,
				D34036F01EC01FF3003F0A89 /* Home Page */,
				D398A46C29EDB791007EBE9E /* Assets.xcassets */,
				D398A46E29EDB791007EBE9E /* LaunchScreen.storyboard */,
				D398A47129EDB791007EBE9E /* Info.plist */,
				D398A46929EDB78F007EBE9E /* jiosinema.xcdatamodeld */,
			);
			path = jiosinema;
			sourceTree = "<group>";
		};
		D3B11C342A09E91C00B56F0D /* TATA IPL */ = {
			isa = PBXGroup;
			children = (
				D3EC10B540A6FD9B00BB2559 /* CollectionViewCell8IplPage1.swift */,
				D377FFBD2B428A5000695011 /* CollectionViewCell12IplPage1.swift */,
				D3ADCE522A149C3400DF9272 /* tata ipl 2023 top Replays.swift */,
				D3ADCE542A149D3600DF9272 /* CollectionViewCellFortata_ipl_2023_top_Replays.swift */,
				D3ADCE4E2A1499F200DF9272 /* tata ipl 2023 top spells.swift */,
				D3ADCE502A149A7000DF9272 /* CollectionViewCellFortata_ipl_2023_top_spells.swift */,
				D3ADCE4C2A14980200DF9272 /* tata ipl 2023 top Knocks.swift */,
				D3ADCE4A2A1497CC00DF9272 /* CollectionViewCellFortata ipl 2023 top Knocks.swift */,
				D3ADCE482A1495F700DF9272 /* CollectionViewCellFortata_ipl_2023_top_Moments.swift */,
				D3ADCE462A14955E00DF9272 /* tata ipl 2023 top Moments.swift */,
				D3ADCE422A1490A600DF9272 /* Best Of Insiders Lens.swift */,
				D3ADCE402A14902500DF9272 /* CollectionViewCellForLast_Over_Drama.swift */,
				D3ADCE3E2A148FEF00DF9272 /* Last Over Drama.swift */,
				D3ADCE382A148CE900DF9272 /* CollectionViewCellForBest Of Insiders Lens.swift */,
				D3ADCE342A148A1800DF9272 /* Exclusives Ft. GT Stars.swift */,
				D3ADCE362A148AC100DF9272 /* CollectionViewCellForExclusives_Ft__GT_Stars.swift */,
				D3ADCE302A14876700DF9272 /* Aakashvani.swift */,
				D3ADCE322A14881B00DF9272 /* CollectionViewCellForAakashvani.swift */,
				D3D25D7E2A134FC300CD600F /* Cricketers Getting Candid.swift */,
				D3D25D802A13531E00CD600F /* CollectionViewCellForCricketers_Getting_Candid.swift */,
				D306F2EE2A0E1F6B00161E83 /* CollectionViewCell15IplPage1.swift */,
				D3B11C352A09E98600B56F0D /* TataiplHomePage.swift */,
				D3AD75222A1225C000F92DD2 /* CollectionViewCell17IplPage1.swift */,
				D306F2F02A0E220800161E83 /* CollectionViewCell16IplPage1.swift */,
				D306F2EC2A0E1BB600161E83 /* CollectionViewCell14IplPage1.swift */,
				D3D25D7C2A134A8D00CD600F /* CollectionViewCellForExclusives_Ft__Rcb_Stars.swift */,
				D3D25D762A13466100CD600F /* Best Of A Jio Match Center Live.swift */,
				D3D25D782A1346ED00CD600F /* CollectionViewCellForBest_Of_A_Jio_Match_Center_Live.swift */,
				D3D25D742A13420D00CD600F /* CollectionViewCellForTATA_IPL_2023_Short_Highlights.swift */,
				D3D25D722A1332CD00CD600F /* TATA IPL 2023 Short Highlights.swift */,
				D3D25D6E2A132EFD00CD600F /* Key Tournaments.swift */,
				D3D25D702A132FCE00CD600F /* CollectionViewCellForKey_Tournaments.swift */,
				D3820BD92A1255F400D7EDFD /* CollectionViewCellForBest_Of_TATA_IPL_2023.swift */,
				D3820BD72A1255B700D7EDFD /* Best Of TATA IPL 2023.swift */,
				D3820BD32A12535500D7EDFD /* CollectionViewCellForHeroSpeak.swift */,
				D3820BD12A1252A200D7EDFD /* HeroSpeak.swift */,
				D3820BCF2A1250A900D7EDFD /* CollectionViewCellForCaptionCorner.swift */,
				D3820BCD2A124FE100D7EDFD /* Captain's Corner.swift */,
				D3820BCB2A124DF700D7EDFD /* CollectionViewCellForMatch56MivsRCB.swift */,
				D3820BC92A124C8100D7EDFD /* Match 56- Mi vs RCB.swift */,
				D3820BC72A124A5B00D7EDFD /* CollectionViewCellForIPLPageHighlights.swift */,
				D3820BC32A1244A100D7EDFD /* TATA IPL 2023 Highlights.swift */,
				D3820BC12A12440800D7EDFD /* moviesPage.swift */,
				D3820BBF2A1240B900D7EDFD /* CollectionViewCell21IplPage1.swift */,
				D3820BBD2A123C4000D7EDFD /* CollectionViewCell20IplPage1.swift */,
				D3820BBB2A12372500D7EDFD /* CollectionViewCell19IplPage1.swift */,
				D3820BB92A12332B00D7EDFD /* CollectionViewCell18IplPage1.swift */,
				D377FFBF2B4290C100695011 /* CollectionViewCell13IplPage1.swift */,
				D340999A2A0CCE370051236E /* CollectionViewCell11IplPage1.swift */,
				D34099982A0CC9720051236E /* CollectionViewCell10IplPage1.swift */,
				D3C357212A0B8338005D1A4B /* CollectionViewCell7IplPage1.swift */,
				D34099962A0CBFB30051236E /* CollectionViewCell9IplPage1.swift */,
				D3B11C392A09FA3200B56F0D /* CollectionViewCell1IplPage1.swift */,
				D3C3571F2A0B7B52005D1A4B /* CollectionViewCell6IplPage1.swift */,
				D3C3571D2A0B7338005D1A4B /* CollectionViewCell5IplPage1.swift */,
				D3B2D2622D09654B00B76757 /* CollectionViewCell4IplPage1.swift */,
				D3B2D2602D095FB900B76757 /* CollectionViewCell3IplPage1.swift */,
				D3B11C3B2A09FFB000B56F0D /* CollectionViewCell2IplPage1.swift */,
			);
			path = "TATA IPL";
			sourceTree = "<group>";
		};
/* End PBXGroup section */

/* Begin PBXNativeTarget section */
		D398A45C29EDB78F007EBE9E /* jiosinema */ = {
			isa = PBXNativeTarget;
			buildConfigurationList = D398A47429EDB791007EBE9E /* Build configuration list for PBXNativeTarget "jiosinema" */;
			buildPhases = (
				D398A45929EDB78F007EBE9E /* Sources */,
				D398A45A29EDB78F007EBE9E /* Frameworks */,
				D398A45B29EDB78F007EBE9E /* Resources */,
			);
			buildRules = (
			);
			dependencies = (
			);
			name = jiosinema;
			productName = jiosinema;
			productReference = D398A45D29EDB78F007EBE9E /* jiosinema.app */;
			productType = "com.apple.product-type.application";
		};
/* End PBXNativeTarget section */

/* Begin PBXProject section */
		D398A45529EDB78F007EBE9E /* Project object */ = {
			isa = PBXProject;
			attributes = {
				BuildIndependentTargetsInParallel = 1;
				LastSwiftUpdateCheck = 1300;
				LastUpgradeCheck = 1300;
				TargetAttributes = {
					D398A45C29EDB78F007EBE9E = {
						CreatedOnToolsVersion = 13.0;
					};
				};
			};
			buildConfigurationList = D398A45829EDB78F007EBE9E /* Build configuration list for PBXProject "jiosinema" */;
			compatibilityVersion = "Xcode 13.0";
			developmentRegion = en;
			hasScannedForEncodings = 0;
			knownRegions = (
				en,
				Base,
			);
			mainGroup = D398A45429EDB78F007EBE9E;
			productRefGroup = D398A45E29EDB78F007EBE9E /* Products */;
			projectDirPath = "";
			projectRoot = "";
			targets = (
				D398A45C29EDB78F007EBE9E /* jiosinema */,
			);
		};
/* End PBXProject section */

/* Begin PBXResourcesBuildPhase section */
		D398A45B29EDB78F007EBE9E /* Resources */ = {
			isa = PBXResourcesBuildPhase;
			buildActionMask = 2147483647;
			files = (
				D398A47029EDB791007EBE9E /* LaunchScreen.storyboard in Resources */,
				D398A46D29EDB791007EBE9E /* Assets.xcassets in Resources */,
				D398A46829EDB78F007EBE9E /* Main.storyboard in Resources */,
			);
			runOnlyForDeploymentPostprocessing = 0;
		};
/* End PBXResourcesBuildPhase section */

/* Begin PBXSourcesBuildPhase section */
		D398A45929EDB78F007EBE9E /* Sources */ = {
			isa = PBXSourcesBuildPhase;
			buildActionMask = 2147483647;
			files = (
				D377E26A431942B300C59AF3 /* CollectionViewCell13.swift in Sources */,
				D3ADCE4F2A1499F200DF9272 /* tata ipl 2023 top spells.swift in Sources */,
				D34099972A0CBFB30051236E /* CollectionViewCell9IplPage1.swift in Sources */,
				D3ADCE332A14881B00DF9272 /* CollectionViewCellForAakashvani.swift in Sources */,
				D3820BC02A1240B900D7EDFD /* CollectionViewCell21IplPage1.swift in Sources */,
				D3ADCE4B2A1497CC00DF9272 /* CollectionViewCellFortata ipl 2023 top Knocks.swift in Sources */,
				D3C3571E2A0B7338005D1A4B /* CollectionViewCell5IplPage1.swift in Sources */,
				D3820BCE2A124FE100D7EDFD /* Captain's Corner.swift in Sources */,
				D3ADCE472A14955E00DF9272 /* tata ipl 2023 top Moments.swift in Sources */,
				D3AFA0142A038C30009814E6 /* CollectionViewCellForPopulerWebShows.swift in Sources */,
				D3D25D812A13531E00CD600F /* CollectionViewCellForCricketers_Getting_Candid.swift in Sources */,
				D3B292D829F9511000F8AEE2 /* collectionViewForallLogo.swift in Sources */,
				D3ADCE352A148A1800DF9272 /* Exclusives Ft. GT Stars.swift in Sources */,
				D398A46529EDB78F007EBE9E /* ViewController.swift in Sources */,
				D3820BD02A1250A900D7EDFD /* CollectionViewCellForCaptionCorner.swift in Sources */,
				D34036ED1EC01CAC003F0A89 /* PopularSports.swift in Sources */,
				D377FFC02B4290C100695011 /* CollectionViewCell13IplPage1.swift in Sources */,
				D3B131E84B7208E300772BC0 /* highlightsPage.swift in Sources */,
				D3D25D7D2A134A8D00CD600F /* CollectionViewCellForExclusives_Ft__Rcb_Stars.swift in Sources */,
				D3AE4C8F29F11F4C00077406 /* CollectionViewCell7.swift in Sources */,
				D34099992A0CC9720051236E /* CollectionViewCell10IplPage1.swift in Sources */,
				D398A46B29EDB78F007EBE9E /* jiosinema.xcdatamodeld in Sources */,
				D3C357222A0B8338005D1A4B /* CollectionViewCell7IplPage1.swift in Sources */,
				D3D176BA29EE3AF20003DB01 /* myCollectionViewCellFormatch24.swift in Sources */,
				D3D25D6F2A132EFD00CD600F /* Key Tournaments.swift in Sources */,
				D3820BC22A12440900D7EDFD /* moviesPage.swift in Sources */,
				D398A47A29EDCCED007EBE9E /* CollectionViewCell1.swift in Sources */,
				D3ADCE372A148AC100DF9272 /* CollectionViewCellForExclusives_Ft__GT_Stars.swift in Sources */,
				D3D25D772A13466100CD600F /* Best Of A Jio Match Center Live.swift in Sources */,
				D3EC10B640A6FD9B00BB2559 /* CollectionViewCell8IplPage1.swift in Sources */,
				D37A01B82A03822200146397 /* Popular Web Shows.swift in Sources */,
				D3ADCE492A1495F700DF9272 /* CollectionViewCellFortata_ipl_2023_top_Moments.swift in Sources */,
				D35FA0B92A04DEE20061F020 /* CollectionViewCell14.swift in Sources */,
				D3ADCE312A14876700DF9272 /* Aakashvani.swift in Sources */,
				D3820BC42A1244A100D7EDFD /* TATA IPL 2023 Highlights.swift in Sources */,
				D3024EDD29F257820044DE89 /* CollectionViewCell8.swift in Sources */,
				D306F2ED2A0E1BB600161E83 /* CollectionViewCell14IplPage1.swift in Sources */,
				D376972129EE35BD00A1C89F /* CollectionViewCellForMatch26.swift in Sources */,
				D3B11C3A2A09FA3200B56F0D /* CollectionViewCell1IplPage1.swift in Sources */,
				D35E6F9929F1376E0047AB48 /* CollectionViewCellForPreview.swift in Sources */,
				D3B131EC4B720FE700772BC0 /* bestOfTataIpl.swift in Sources */,
				D3820BCA2A124C8100D7EDFD /* Match 56- Mi vs RCB.swift in Sources */,
				D306F2F12A0E220800161E83 /* CollectionViewCell16IplPage1.swift in Sources */,
				D377FFBE2B428A5000695011 /* CollectionViewCell12IplPage1.swift in Sources */,
				D3B131F24B7222C000772BC0 /* CollectionViewCell9.swift in Sources */,
				D398A47C29EDD19A007EBE9E /* CollectionViewCell2.swift in Sources */,
				D3B11C3C2A09FFB000B56F0D /* CollectionViewCell2IplPage1.swift in Sources */,
				D3D25D732A1332CD00CD600F /* TATA IPL 2023 Short Highlights.swift in Sources */,
				D376971929EE14AF00A1C89F /* CollectionViewCell4.swift in Sources */,
				D3EB575229FAF84B006499EC /* CollectionViewCellForFreshTvEp.swift in Sources */,
				D3820BDA2A1255F400D7EDFD /* CollectionViewCellForBest_Of_TATA_IPL_2023.swift in Sources */,
				D3ADCE3F2A148FEF00DF9272 /* Last Over Drama.swift in Sources */,
				D3820BD42A12535500D7EDFD /* CollectionViewCellForHeroSpeak.swift in Sources */,
				D3AD75232A1225C000F92DD2 /* CollectionViewCell17IplPage1.swift in Sources */,
				D3D176BC29EE47550003DB01 /* match24Page.swift in Sources */,
				D3ADCE512A149A7000DF9272 /* CollectionViewCellFortata_ipl_2023_top_spells.swift in Sources */,
				D3D25D7B2A134A0C00CD600F /* Exclusives Ft. Rcb Stars.swift in Sources */,
				D36A47E329FAA74500B3B5E1 /* CollectionViewCell10.swift in Sources */,
				D3820BCC2A124DF700D7EDFD /* CollectionViewCellForMatch56MivsRCB.swift in Sources */,
				D340999B2A0CCE370051236E /* CollectionViewCell11IplPage1.swift in Sources */,
				D37A01B62A03758200146397 /* CollectionViewCell12.swift in Sources */,
				D35FA0BB2A04E8500061F020 /* CollectionViewCell15.swift in Sources */,
				D3820BD22A1252A200D7EDFD /* HeroSpeak.swift in Sources */,
				D398A46129EDB78F007EBE9E /* AppDelegate.swift in Sources */,
				D35FA0BF2A04F2890061F020 /* CollectionViewCell17.swift in Sources */,
				D3ADCE532A149C3400DF9272 /* tata ipl 2023 top Replays.swift in Sources */,
				D3D25D712A132FCE00CD600F /* CollectionViewCellForKey_Tournaments.swift in Sources */,
				D3820BBC2A12372500D7EDFD /* CollectionViewCell19IplPage1.swift in Sources */,
				D34036EB1EC00DF9003F0A89 /* global Hits In Hindi.swift in Sources */,
				D3B2D2612D095FB900B76757 /* CollectionViewCell3IplPage1.swift in Sources */,
				D3C357202A0B7B52005D1A4B /* CollectionViewCell6IplPage1.swift in Sources */,
				D35E6F9729F137300047AB48 /* preview.swift in Sources */,
				D3AE4C8D29F112D300077406 /* CollectionViewCell6.swift in Sources */,
				D3B11C362A09E98600B56F0D /* TataiplHomePage.swift in Sources */,
				D3B131F04B72193200772BC0 /* CollectionViewCellForBestIpl.swift in Sources */,
				D34036E91EC00C81003F0A89 /* globalHitsInHindi.swift in Sources */,
				D3ADCE552A149D3600DF9272 /* CollectionViewCellFortata_ipl_2023_top_Replays.swift in Sources */,
				D35FA0BD2A04EB5D0061F020 /* CollectionViewCell16.swift in Sources */,
				D3820BC82A124A5B00D7EDFD /* CollectionViewCellForIPLPageHighlights.swift in Sources */,
				D3B2D2632D09654B00B76757 /* CollectionViewCell4IplPage1.swift in Sources */,
				D3820BBA2A12332B00D7EDFD /* CollectionViewCell18IplPage1.swift in Sources */,
				D3820BD82A1255B700D7EDFD /* Best Of TATA IPL 2023.swift in Sources */,
				D306F2EF2A0E1F6B00161E83 /* CollectionViewCell15IplPage1.swift in Sources */,
				D37918F21EB7117500491449 /* CollectionViewCell11.swift in Sources */,
				D3ADCE4D2A14980200DF9272 /* tata ipl 2023 top Knocks.swift in Sources */,
				D3EB574E29FAEF0C006499EC /* schedule.swift in Sources */,
				D3EB575029FAF5B5006499EC /* freshTvEp.swift in Sources */,
				D3B292D629F94FE100F8AEE2 /* allLogo.swift in Sources */,
				D3D25D752A13420D00CD600F /* CollectionViewCellForTATA_IPL_2023_Short_Highlights.swift in Sources */,
				D3ADCE412A14902500DF9272 /* CollectionViewCellForLast_Over_Drama.swift in Sources */,
				D376971F29EE2F1A00A1C89F /* CollectionViewCell5.swift in Sources */,
				D398A47829EDCBBC007EBE9E /* homepage.swift in Sources */,
				D3B131EA4B720A0800772BC0 /* CollectionViewCellForHighlights.swift in Sources */,
				D34036EF1EC01D72003F0A89 /* CollectionViewCellForPopulerSports.swift in Sources */,
				D398A47E29EDD477007EBE9E /* CollectionViewCell3.swift in Sources */,
				D3820BBE2A123C4000D7EDFD /* CollectionViewCell20IplPage1.swift in Sources */,
				D398A46329EDB78F007EBE9E /* SceneDelegate.swift in Sources */,
				D3D25D7F2A134FC300CD600F /* Cricketers Getting Candid.swift in Sources */,
				D3D25D792A1346ED00CD600F /* CollectionViewCellForBest_Of_A_Jio_Match_Center_Live.swift in Sources */,
				D3ADCE392A148CE900DF9272 /* CollectionViewCellForBest Of Insiders Lens.swift in Sources */,
				D3ADCE432A1490A600DF9272 /* Best Of Insiders Lens.swift in Sources */,
			);
			runOnlyForDeploymentPostprocessing = 0;
		};
/* End PBXSourcesBuildPhase section */

/* Begin PBXVariantGroup section */
		D398A46629EDB78F007EBE9E /* Main.storyboard */ = {
			isa = PBXVariantGroup;
			children = (
				D398A46729EDB78F007EBE9E /* Base */,
			);
			name = Main.storyboard;
			sourceTree = "<group>";
		};
		D398A46E29EDB791007EBE9E /* LaunchScreen.storyboard */ = {
			isa = PBXVariantGroup;
			children = (
				D398A46F29EDB791007EBE9E /* Base */,
			);
			name = LaunchScreen.storyboard;
			sourceTree = "<group>";
		};
/* End PBXVariantGroup section */

/* Begin XCBuildConfiguration section */
		D398A47229EDB791007EBE9E /* Debug */ = {
			isa = XCBuildConfiguration;
			buildSettings = {
				ALWAYS_SEARCH_USER_PATHS = NO;
				CLANG_ANALYZER_NONNULL = YES;
				CLANG_ANALYZER_NUMBER_OBJECT_CONVERSION = YES_AGGRESSIVE;
				CLANG_CXX_LANGUAGE_STANDARD = "gnu++17";
				CLANG_CXX_LIBRARY = "libc++";
				CLANG_ENABLE_MODULES = YES;
				CLANG_ENABLE_OBJC_ARC = YES;
				CLANG_ENABLE_OBJC_WEAK = YES;
				CLANG_WARN_BLOCK_CAPTURE_AUTORELEASING = YES;
				CLANG_WARN_BOOL_CONVERSION = YES;
				CLANG_WARN_COMMA = YES;
				CLANG_WARN_CONSTANT_CONVERSION = YES;
				CLANG_WARN_DEPRECATED_OBJC_IMPLEMENTATIONS = YES;
				CLANG_WARN_DIRECT_OBJC_ISA_USAGE = YES_ERROR;
				CLANG_WARN_DOCUMENTATION_COMMENTS = YES;
				CLANG_WARN_EMPTY_BODY = YES;
				CLANG_WARN_ENUM_CONVERSION = YES;
				CLANG_WARN_INFINITE_RECURSION = YES;
				CLANG_WARN_INT_CONVERSION = YES;
				CLANG_WARN_NON_LITERAL_NULL_CONVERSION = YES;
				CLANG_WARN_OBJC_IMPLICIT_RETAIN_SELF = YES;
				CLANG_WARN_OBJC_LITERAL_CONVERSION = YES;
				CLANG_WARN_OBJC_ROOT_CLASS = YES_ERROR;
				CLANG_WARN_QUOTED_INCLUDE_IN_FRAMEWORK_HEADER = YES;
				CLANG_WARN_RANGE_LOOP_ANALYSIS = YES;
				CLANG_WARN_STRICT_PROTOTYPES = YES;
				CLANG_WARN_SUSPICIOUS_MOVE = YES;
				CLANG_WARN_UNGUARDED_AVAILABILITY = YES_AGGRESSIVE;
				CLANG_WARN_UNREACHABLE_CODE = YES;
				CLANG_WARN__DUPLICATE_METHOD_MATCH = YES;
				COPY_PHASE_STRIP = NO;
				DEBUG_INFORMATION_FORMAT = dwarf;
				ENABLE_STRICT_OBJC_MSGSEND = YES;
				ENABLE_TESTABILITY = YES;
				GCC_C_LANGUAGE_STANDARD = gnu11;
				GCC_DYNAMIC_NO_PIC = NO;
				GCC_NO_COMMON_BLOCKS = YES;
				GCC_OPTIMIZATION_LEVEL = 0;
				GCC_PREPROCESSOR_DEFINITIONS = (
					"DEBUG=1",
					"$(inherited)",
				);
				GCC_WARN_64_TO_32_BIT_CONVERSION = YES;
				GCC_WARN_ABOUT_RETURN_TYPE = YES_ERROR;
				GCC_WARN_UNDECLARED_SELECTOR = YES;
				GCC_WARN_UNINITIALIZED_AUTOS = YES_AGGRESSIVE;
				GCC_WARN_UNUSED_FUNCTION = YES;
				GCC_WARN_UNUSED_VARIABLE = YES;
				IPHONEOS_DEPLOYMENT_TARGET = 15.0;
				MTL_ENABLE_DEBUG_INFO = INCLUDE_SOURCE;
				MTL_FAST_MATH = YES;
				ONLY_ACTIVE_ARCH = YES;
				SDKROOT = iphoneos;
				SWIFT_ACTIVE_COMPILATION_CONDITIONS = DEBUG;
				SWIFT_OPTIMIZATION_LEVEL = "-Onone";
			};
			name = Debug;
		};
		D398A47329EDB791007EBE9E /* Release */ = {
			isa = XCBuildConfiguration;
			buildSettings = {
				ALWAYS_SEARCH_USER_PATHS = NO;
				CLANG_ANALYZER_NONNULL = YES;
				CLANG_ANALYZER_NUMBER_OBJECT_CONVERSION = YES_AGGRESSIVE;
				CLANG_CXX_LANGUAGE_STANDARD = "gnu++17";
				CLANG_CXX_LIBRARY = "libc++";
				CLANG_ENABLE_MODULES = YES;
				CLANG_ENABLE_OBJC_ARC = YES;
				CLANG_ENABLE_OBJC_WEAK = YES;
				CLANG_WARN_BLOCK_CAPTURE_AUTORELEASING = YES;
				CLANG_WARN_BOOL_CONVERSION = YES;
				CLANG_WARN_COMMA = YES;
				CLANG_WARN_CONSTANT_CONVERSION = YES;
				CLANG_WARN_DEPRECATED_OBJC_IMPLEMENTATIONS = YES;
				CLANG_WARN_DIRECT_OBJC_ISA_USAGE = YES_ERROR;
				CLANG_WARN_DOCUMENTATION_COMMENTS = YES;
				CLANG_WARN_EMPTY_BODY = YES;
				CLANG_WARN_ENUM_CONVERSION = YES;
				CLANG_WARN_INFINITE_RECURSION = YES;
				CLANG_WARN_INT_CONVERSION = YES;
				CLANG_WARN_NON_LITERAL_NULL_CONVERSION = YES;
				CLANG_WARN_OBJC_IMPLICIT_RETAIN_SELF = YES;
				CLANG_WARN_OBJC_LITERAL_CONVERSION = YES;
				CLANG_WARN_OBJC_ROOT_CLASS = YES_ERROR;
				CLANG_WARN_QUOTED_INCLUDE_IN_FRAMEWORK_HEADER = YES;
				CLANG_WARN_RANGE_LOOP_ANALYSIS = YES;
				CLANG_WARN_STRICT_PROTOTYPES = YES;
				CLANG_WARN_SUSPICIOUS_MOVE = YES;
				CLANG_WARN_UNGUARDED_AVAILABILITY = YES_AGGRESSIVE;
				CLANG_WARN_UNREACHABLE_CODE = YES;
				CLANG_WARN__DUPLICATE_METHOD_MATCH = YES;
				COPY_PHASE_STRIP = NO;
				DEBUG_INFORMATION_FORMAT = "dwarf-with-dsym";
				ENABLE_NS_ASSERTIONS = NO;
				ENABLE_STRICT_OBJC_MSGSEND = YES;
				GCC_C_LANGUAGE_STANDARD = gnu11;
				GCC_NO_COMMON_BLOCKS = YES;
				GCC_WARN_64_TO_32_BIT_CONVERSION = YES;
				GCC_WARN_ABOUT_RETURN_TYPE = YES_ERROR;
				GCC_WARN_UNDECLARED_SELECTOR = YES;
				GCC_WARN_UNINITIALIZED_AUTOS = YES_AGGRESSIVE;
				GCC_WARN_UNUSED_FUNCTION = YES;
				GCC_WARN_UNUSED_VARIABLE = YES;
				IPHONEOS_DEPLOYMENT_TARGET = 15.0;
				MTL_ENABLE_DEBUG_INFO = NO;
				MTL_FAST_MATH = YES;
				SDKROOT = iphoneos;
				SWIFT_COMPILATION_MODE = wholemodule;
				SWIFT_OPTIMIZATION_LEVEL = "-O";
				VALIDATE_PRODUCT = YES;
			};
			name = Release;
		};
		D398A47529EDB791007EBE9E /* Debug */ = {
			isa = XCBuildConfiguration;
			buildSettings = {
				ASSETCATALOG_COMPILER_APPICON_NAME = "AppIcon-1";
				ASSETCATALOG_COMPILER_GLOBAL_ACCENT_COLOR_NAME = AccentColor;
				ASSETCATALOG_COMPILER_INCLUDE_ALL_APPICON_ASSETS = YES;
				CODE_SIGN_STYLE = Automatic;
				CURRENT_PROJECT_VERSION = 1;
				GENERATE_INFOPLIST_FILE = YES;
				INFOPLIST_FILE = jiosinema/Info.plist;
				INFOPLIST_KEY_CFBundleDisplayName = jiocinema;
				INFOPLIST_KEY_UIApplicationSupportsIndirectInputEvents = YES;
				INFOPLIST_KEY_UILaunchStoryboardName = LaunchScreen;
				INFOPLIST_KEY_UIMainStoryboardFile = Main;
				INFOPLIST_KEY_UISupportedInterfaceOrientations_iPad = "UIInterfaceOrientationPortrait UIInterfaceOrientationPortraitUpsideDown UIInterfaceOrientationLandscapeLeft UIInterfaceOrientationLandscapeRight";
				INFOPLIST_KEY_UISupportedInterfaceOrientations_iPhone = "UIInterfaceOrientationPortrait UIInterfaceOrientationLandscapeLeft UIInterfaceOrientationLandscapeRight";
				LD_RUNPATH_SEARCH_PATHS = (
					"$(inherited)",
					"@executable_path/Frameworks",
				);
				MARKETING_VERSION = 1.0;
				PRODUCT_BUNDLE_IDENTIFIER = cinema.jiocinema;
				PRODUCT_NAME = "$(TARGET_NAME)";
				SWIFT_EMIT_LOC_STRINGS = YES;
				SWIFT_VERSION = 5.0;
				TARGETED_DEVICE_FAMILY = "1,2";
			};
			name = Debug;
		};
		D398A47629EDB791007EBE9E /* Release */ = {
			isa = XCBuildConfiguration;
			buildSettings = {
				ASSETCATALOG_COMPILER_APPICON_NAME = "AppIcon-1";
				ASSETCATALOG_COMPILER_GLOBAL_ACCENT_COLOR_NAME = AccentColor;
				ASSETCATALOG_COMPILER_INCLUDE_ALL_APPICON_ASSETS = YES;
				CODE_SIGN_STYLE = Automatic;
				CURRENT_PROJECT_VERSION = 1;
				GENERATE_INFOPLIST_FILE = YES;
				INFOPLIST_FILE = jiosinema/Info.plist;
				INFOPLIST_KEY_CFBundleDisplayName = jiocinema;
				INFOPLIST_KEY_UIApplicationSupportsIndirectInputEvents = YES;
				INFOPLIST_KEY_UILaunchStoryboardName = LaunchScreen;
				INFOPLIST_KEY_UIMainStoryboardFile = Main;
				INFOPLIST_KEY_UISupportedInterfaceOrientations_iPad = "UIInterfaceOrientationPortrait UIInterfaceOrientationPortraitUpsideDown UIInterfaceOrientationLandscapeLeft UIInterfaceOrientationLandscapeRight";
				INFOPLIST_KEY_UISupportedInterfaceOrientations_iPhone = "UIInterfaceOrientationPortrait UIInterfaceOrientationLandscapeLeft UIInterfaceOrientationLandscapeRight";
				LD_RUNPATH_SEARCH_PATHS = (
					"$(inherited)",
					"@executable_path/Frameworks",
				);
				MARKETING_VERSION = 1.0;
				PRODUCT_BUNDLE_IDENTIFIER = cinema.jiocinema;
				PRODUCT_NAME = "$(TARGET_NAME)";
				SWIFT_EMIT_LOC_STRINGS = YES;
				SWIFT_VERSION = 5.0;
				TARGETED_DEVICE_FAMILY = "1,2";
			};
			name = Release;
		};
/* End XCBuildConfiguration section */

/* Begin XCConfigurationList section */
		D398A45829EDB78F007EBE9E /* Build configuration list for PBXProject "jiosinema" */ = {
			isa = XCConfigurationList;
			buildConfigurations = (
				D398A47229EDB791007EBE9E /* Debug */,
				D398A47329EDB791007EBE9E /* Release */,
			);
			defaultConfigurationIsVisible = 0;
			defaultConfigurationName = Release;
		};
		D398A47429EDB791007EBE9E /* Build configuration list for PBXNativeTarget "jiosinema" */ = {
			isa = XCConfigurationList;
			buildConfigurations = (
				D398A47529EDB791007EBE9E /* Debug */,
				D398A47629EDB791007EBE9E /* Release */,
			);
			defaultConfigurationIsVisible = 0;
			defaultConfigurationName = Release;
		};
/* End XCConfigurationList section */

/* Begin XCVersionGroup section */
		D398A46929EDB78F007EBE9E /* jiosinema.xcdatamodeld */ = {
			isa = XCVersionGroup;
			children = (
				D398A46A29EDB78F007EBE9E /* jiosinema.xcdatamodel */,
			);
			currentVersion = D398A46A29EDB78F007EBE9E /* jiosinema.xcdatamodel */;
			path = jiosinema.xcdatamodeld;
			sourceTree = "<group>";
			versionGroupType = wrapper.xcdatamodel;
		};
/* End XCVersionGroup section */
	};
	rootObject = D398A45529EDB78F007EBE9E /* Project object */;
}
